
Microsoft Visual Studio Solution File, Format Version 12.00
# Visual Studio Version 16
VisualStudioVersion = 16.0.29418.71
MinimumVisualStudioVersion = 10.0.40219.1
Project("{8BC9CEB8-8B4A-11D0-8D11-00A0C91BC942}") = "framework", "framework\framework.vcxproj", "{39E81AD3-7BDE-4D15-96F9-2F7E1CE40E16}"
EndProject
Project("{8BC9CEB8-8B4A-11D0-8D11-00A0C91BC942}") = "Prototype1", "Prototype1\Prototype1.vcxproj", "{B1F74689-E522-49CA-92BD-43685583E388}"
EndProject
Project("{8BC9CEB8-8B4A-11D0-8D11-00A0C91BC942}") = "Prototype2", "Prototype2\Prototype2.vcxproj", "{613C4CEC-4A38-4B05-9262-B93FC0A5E5BD}"
EndProject
Project("{8BC9CEB8-8B4A-11D0-8D11-00A0C91BC942}") = "Prototype3", "Prototype3\Prototype3.vcxproj", "{70F37B40-9CE1-4EA2-8EB6-49DC5CD4B1FC}"
EndProject
Global
	GlobalSection(SolutionConfigurationPlatforms) = preSolution
		Debug|x64 = Debug|x64
		Release|x64 = Release|x64
	EndGlobalSection
	GlobalSection(ProjectConfigurationPlatforms) = postSolution
		{39E81AD3-7BDE-4D15-96F9-2F7E1CE40E16}.Debug|x64.ActiveCfg = Debug|x64
		{39E81AD3-7BDE-4D15-96F9-2F7E1CE40E16}.Debug|x64.Build.0 = Debug|x64
		{39E81AD3-7BDE-4D15-96F9-2F7E1CE40E16}.Release|x64.ActiveCfg = Release|x64
		{39E81AD3-7BDE-4D15-96F9-2F7E1CE40E16}.Release|x64.Build.0 = Release|x64
		{B1F74689-E522-49CA-92BD-43685583E388}.Debug|x64.ActiveCfg = Debug|x64
		{B1F74689-E522-49CA-92BD-43685583E388}.Debug|x64.Build.0 = Debug|x64
		{B1F74689-E522-49CA-92BD-43685583E388}.Release|x64.ActiveCfg = Release|x64
		{B1F74689-E522-49CA-92BD-43685583E388}.Release|x64.Build.0 = Release|x64
		{613C4CEC-4A38-4B05-9262-B93FC0A5E5BD}.Debug|x64.ActiveCfg = Debug|x64
		{613C4CEC-4A38-4B05-9262-B93FC0A5E5BD}.Debug|x64.Build.0 = Debug|x64
		{613C4CEC-4A38-4B05-9262-B93FC0A5E5BD}.Release|x64.ActiveCfg = Release|x64
		{613C4CEC-4A38-4B05-9262-B93FC0A5E5BD}.Release|x64.Build.0 = Release|x64
		{70F37B40-9CE1-4EA2-8EB6-49DC5CD4B1FC}.Debug|x64.ActiveCfg = Debug|x64
		{70F37B40-9CE1-4EA2-8EB6-49DC5CD4B1FC}.Debug|x64.Build.0 = Debug|x64
		{70F37B40-9CE1-4EA2-8EB6-49DC5CD4B1FC}.Release|x64.ActiveCfg = Release|x64
		{70F37B40-9CE1-4EA2-8EB6-49DC5CD4B1FC}.Release|x64.Build.0 = Release|x64
	EndGlobalSection
	GlobalSection(SolutionProperties) = preSolution
		HideSolutionNode = FALSE
	EndGlobalSection
	GlobalSection(ExtensibilityGlobals) = postSolution
		SolutionGuid = {A763B954-E4CD-49FC-953E-699D2BBA4A97}
	EndGlobalSection
EndGlobal
